// !$*UTF8*$!
{
	archiveVersion = 1;
	classes = {
	};
	objectVersion = 56;
	objects = {

/* Begin PBXBuildFile section */
		1AE7A3F32C90FBE00032CCBC /* course_projectApp.swift in Sources */ = {isa = PBXBuildFile; fileRef = 1AE7A3F22C90FBE00032CCBC /* course_projectApp.swift */; };
		1AE7A3F52C90FBE00032CCBC /* NewToDoItem.swift in Sources */ = {isa = PBXBuildFile; fileRef = 1AE7A3F42C90FBE00032CCBC /* NewToDoItem.swift */; };
		1AE7A3F72C90FBE20032CCBC /* Assets.xcassets in Resources */ = {isa = PBXBuildFile; fileRef = 1AE7A3F62C90FBE20032CCBC /* Assets.xcassets */; };
		1AE7A3FA2C90FBE20032CCBC /* Preview Assets.xcassets in Resources */ = {isa = PBXBuildFile; fileRef = 1AE7A3F92C90FBE20032CCBC /* Preview Assets.xcassets */; };
		1AE7A4022C90FC130032CCBC /* ToDoItem.swift in Sources */ = {isa = PBXBuildFile; fileRef = 1AE7A4012C90FC130032CCBC /* ToDoItem.swift */; };
		1AE7A4042C90FC230032CCBC /* ToDoItem+JSON parsing.swift in Sources */ = {isa = PBXBuildFile; fileRef = 1AE7A4032C90FC230032CCBC /* ToDoItem+JSON parsing.swift */; };
		1AE7A4062C90FC320032CCBC /* ToDoItem + CSV parsing.swift in Sources */ = {isa = PBXBuildFile; fileRef = 1AE7A4052C90FC320032CCBC /* ToDoItem + CSV parsing.swift */; };
		1AE7A40B2C90FC810032CCBC /* FileCache.swift in Sources */ = {isa = PBXBuildFile; fileRef = 1AE7A40A2C90FC810032CCBC /* FileCache.swift */; };
		1AE7A40E2C90FCA70032CCBC /* FileManager + Ext.swift in Sources */ = {isa = PBXBuildFile; fileRef = 1AE7A40D2C90FCA70032CCBC /* FileManager + Ext.swift */; };
		1AE7A4102C90FCAE0032CCBC /* String + Ext.swift in Sources */ = {isa = PBXBuildFile; fileRef = 1AE7A40F2C90FCAE0032CCBC /* String + Ext.swift */; };
		1AE7A4122C90FCB90032CCBC /* Date + Ext.swift in Sources */ = {isa = PBXBuildFile; fileRef = 1AE7A4112C90FCB90032CCBC /* Date + Ext.swift */; };
		1AE7A4142C90FCC20032CCBC /* Binding + Ext.swift in Sources */ = {isa = PBXBuildFile; fileRef = 1AE7A4132C90FCC20032CCBC /* Binding + Ext.swift */; };
		1AE7A4162C90FCF40032CCBC /* Resources.swift in Sources */ = {isa = PBXBuildFile; fileRef = 1AE7A4152C90FCF40032CCBC /* Resources.swift */; };
		1AE7A4192C90FD190032CCBC /* DateHelp.swift in Sources */ = {isa = PBXBuildFile; fileRef = 1AE7A4182C90FD190032CCBC /* DateHelp.swift */; };
		1AE7A41E2C90FD6C0032CCBC /* MainListView.swift in Sources */ = {isa = PBXBuildFile; fileRef = 1AE7A41D2C90FD6C0032CCBC /* MainListView.swift */; };
		1AE7A4202C90FD740032CCBC /* ToDoModalView.swift in Sources */ = {isa = PBXBuildFile; fileRef = 1AE7A41F2C90FD740032CCBC /* ToDoModalView.swift */; };
		1AE7A4222C90FD7D0032CCBC /* ContentView.swift in Sources */ = {isa = PBXBuildFile; fileRef = 1AE7A4212C90FD7D0032CCBC /* ContentView.swift */; };
		1AE7A4242C90FD890032CCBC /* ToDoItemView.swift in Sources */ = {isa = PBXBuildFile; fileRef = 1AE7A4232C90FD890032CCBC /* ToDoItemView.swift */; };
		1AE7A4262C90FD8F0032CCBC /* ListView.swift in Sources */ = {isa = PBXBuildFile; fileRef = 1AE7A4252C90FD8F0032CCBC /* ListView.swift */; };
		1AE7A4282C90FDA00032CCBC /* ListHeaderView.swift in Sources */ = {isa = PBXBuildFile; fileRef = 1AE7A4272C90FDA00032CCBC /* ListHeaderView.swift */; };
		1AE7A42B2C90FDFC0032CCBC /* ContentFilter.swift in Sources */ = {isa = PBXBuildFile; fileRef = 1AE7A42A2C90FDFC0032CCBC /* ContentFilter.swift */; };
		1AE7A42D2C90FE050032CCBC /* MainViewModel.swift in Sources */ = {isa = PBXBuildFile; fileRef = 1AE7A42C2C90FE050032CCBC /* MainViewModel.swift */; };
/* End PBXBuildFile section */

/* Begin PBXFileReference section */
		1AE7A3EF2C90FBE00032CCBC /* course_project.app */ = {isa = PBXFileReference; explicitFileType = wrapper.application; includeInIndex = 0; path = course_project.app; sourceTree = BUILT_PRODUCTS_DIR; };
		1AE7A3F22C90FBE00032CCBC /* course_projectApp.swift */ = {isa = PBXFileReference; lastKnownFileType = sourcecode.swift; path = course_projectApp.swift; sourceTree = "<group>"; };
		1AE7A3F42C90FBE00032CCBC /* NewToDoItem.swift */ = {isa = PBXFileReference; lastKnownFileType = sourcecode.swift; name = NewToDoItem.swift; path = ../../NewToDoItem.swift; sourceTree = "<group>"; };
		1AE7A3F62C90FBE20032CCBC /* Assets.xcassets */ = {isa = PBXFileReference; lastKnownFileType = folder.assetcatalog; path = Assets.xcassets; sourceTree = "<group>"; };
		1AE7A3F92C90FBE20032CCBC /* Preview Assets.xcassets */ = {isa = PBXFileReference; lastKnownFileType = folder.assetcatalog; path = "Preview Assets.xcassets"; sourceTree = "<group>"; };
		1AE7A4012C90FC130032CCBC /* ToDoItem.swift */ = {isa = PBXFileReference; lastKnownFileType = sourcecode.swift; path = ToDoItem.swift; sourceTree = "<group>"; };
		1AE7A4032C90FC230032CCBC /* ToDoItem+JSON parsing.swift */ = {isa = PBXFileReference; lastKnownFileType = sourcecode.swift; path = "ToDoItem+JSON parsing.swift"; sourceTree = "<group>"; };
		1AE7A4052C90FC320032CCBC /* ToDoItem + CSV parsing.swift */ = {isa = PBXFileReference; lastKnownFileType = sourcecode.swift; path = "ToDoItem + CSV parsing.swift"; sourceTree = "<group>"; };
		1AE7A40A2C90FC810032CCBC /* FileCache.swift */ = {isa = PBXFileReference; lastKnownFileType = sourcecode.swift; path = FileCache.swift; sourceTree = "<group>"; };
		1AE7A40D2C90FCA70032CCBC /* FileManager + Ext.swift */ = {isa = PBXFileReference; lastKnownFileType = sourcecode.swift; path = "FileManager + Ext.swift"; sourceTree = "<group>"; };
		1AE7A40F2C90FCAE0032CCBC /* String + Ext.swift */ = {isa = PBXFileReference; lastKnownFileType = sourcecode.swift; path = "String + Ext.swift"; sourceTree = "<group>"; };
		1AE7A4112C90FCB90032CCBC /* Date + Ext.swift */ = {isa = PBXFileReference; lastKnownFileType = sourcecode.swift; path = "Date + Ext.swift"; sourceTree = "<group>"; };
		1AE7A4132C90FCC20032CCBC /* Binding + Ext.swift */ = {isa = PBXFileReference; lastKnownFileType = sourcecode.swift; path = "Binding + Ext.swift"; sourceTree = "<group>"; };
		1AE7A4152C90FCF40032CCBC /* Resources.swift */ = {isa = PBXFileReference; lastKnownFileType = sourcecode.swift; path = Resources.swift; sourceTree = "<group>"; };
		1AE7A4182C90FD190032CCBC /* DateHelp.swift */ = {isa = PBXFileReference; lastKnownFileType = sourcecode.swift; path = DateHelp.swift; sourceTree = "<group>"; };
		1AE7A41D2C90FD6C0032CCBC /* MainListView.swift */ = {isa = PBXFileReference; lastKnownFileType = sourcecode.swift; path = MainListView.swift; sourceTree = "<group>"; };
		1AE7A41F2C90FD740032CCBC /* ToDoModalView.swift */ = {isa = PBXFileReference; lastKnownFileType = sourcecode.swift; path = ToDoModalView.swift; sourceTree = "<group>"; };
		1AE7A4212C90FD7D0032CCBC /* ContentView.swift */ = {isa = PBXFileReference; lastKnownFileType = sourcecode.swift; path = ContentView.swift; sourceTree = "<group>"; };
		1AE7A4232C90FD890032CCBC /* ToDoItemView.swift */ = {isa = PBXFileReference; lastKnownFileType = sourcecode.swift; path = ToDoItemView.swift; sourceTree = "<group>"; };
		1AE7A4252C90FD8F0032CCBC /* ListView.swift */ = {isa = PBXFileReference; lastKnownFileType = sourcecode.swift; path = ListView.swift; sourceTree = "<group>"; };
		1AE7A4272C90FDA00032CCBC /* ListHeaderView.swift */ = {isa = PBXFileReference; lastKnownFileType = sourcecode.swift; path = ListHeaderView.swift; sourceTree = "<group>"; };
		1AE7A42A2C90FDFC0032CCBC /* ContentFilter.swift */ = {isa = PBXFileReference; lastKnownFileType = sourcecode.swift; path = ContentFilter.swift; sourceTree = "<group>"; };
		1AE7A42C2C90FE050032CCBC /* MainViewModel.swift */ = {isa = PBXFileReference; lastKnownFileType = sourcecode.swift; path = MainViewModel.swift; sourceTree = "<group>"; };
/* End PBXFileReference section */

/* Begin PBXFrameworksBuildPhase section */
		1AE7A3EC2C90FBE00032CCBC /* Frameworks */ = {
			isa = PBXFrameworksBuildPhase;
			buildActionMask = 2147483647;
			files = (
			);
			runOnlyForDeploymentPostprocessing = 0;
		};
/* End PBXFrameworksBuildPhase section */

/* Begin PBXGroup section */
		1AE7A3E62C90FBE00032CCBC = {
			isa = PBXGroup;
			children = (
				1AE7A3F12C90FBE00032CCBC /* course_project */,
				1AE7A3F02C90FBE00032CCBC /* Products */,
			);
			sourceTree = "<group>";
		};
		1AE7A3F02C90FBE00032CCBC /* Products */ = {
			isa = PBXGroup;
			children = (
				1AE7A3EF2C90FBE00032CCBC /* course_project.app */,
			);
			name = Products;
			sourceTree = "<group>";
		};
		1AE7A3F12C90FBE00032CCBC /* course_project */ = {
			isa = PBXGroup;
			children = (
				1AE7A40C2C90FC970032CCBC /* Extensions */,
				1AE7A4002C90FC060032CCBC /* Model */,
				1AE7A41A2C90FD2C0032CCBC /* View */,
				1AE7A4292C90FDF00032CCBC /* ViewModel */,
				1AE7A3F82C90FBE20032CCBC /* Preview Content */,
			);
			path = course_project;
			sourceTree = "<group>";
		};
		1AE7A3F82C90FBE20032CCBC /* Preview Content */ = {
			isa = PBXGroup;
			children = (
				1AE7A3F92C90FBE20032CCBC /* Preview Assets.xcassets */,
			);
			path = "Preview Content";
			sourceTree = "<group>";
		};
		1AE7A4002C90FC060032CCBC /* Model */ = {
			isa = PBXGroup;
			children = (
				1AE7A4172C90FD100032CCBC /* Help */,
				1AE7A4092C90FC4E0032CCBC /* Resources */,
				1AE7A4082C90FC460032CCBC /* Cache */,
				1AE7A4072C90FC390032CCBC /* ToDoItem */,
			);
			path = Model;
			sourceTree = "<group>";
		};
		1AE7A4072C90FC390032CCBC /* ToDoItem */ = {
			isa = PBXGroup;
			children = (
				1AE7A4012C90FC130032CCBC /* ToDoItem.swift */,
				1AE7A4032C90FC230032CCBC /* ToDoItem+JSON parsing.swift */,
				1AE7A4052C90FC320032CCBC /* ToDoItem + CSV parsing.swift */,
			);
			path = ToDoItem;
			sourceTree = "<group>";
		};
		1AE7A4082C90FC460032CCBC /* Cache */ = {
			isa = PBXGroup;
			children = (
				1AE7A40A2C90FC810032CCBC /* FileCache.swift */,
			);
			path = Cache;
			sourceTree = "<group>";
		};
		1AE7A4092C90FC4E0032CCBC /* Resources */ = {
			isa = PBXGroup;
			children = (
				1AE7A3F62C90FBE20032CCBC /* Assets.xcassets */,
				1AE7A4152C90FCF40032CCBC /* Resources.swift */,
			);
			path = Resources;
			sourceTree = "<group>";
		};
		1AE7A40C2C90FC970032CCBC /* Extensions */ = {
			isa = PBXGroup;
			children = (
				1AE7A40D2C90FCA70032CCBC /* FileManager + Ext.swift */,
				1AE7A40F2C90FCAE0032CCBC /* String + Ext.swift */,
				1AE7A4112C90FCB90032CCBC /* Date + Ext.swift */,
				1AE7A4132C90FCC20032CCBC /* Binding + Ext.swift */,
			);
			path = Extensions;
			sourceTree = "<group>";
		};
		1AE7A4172C90FD100032CCBC /* Help */ = {
			isa = PBXGroup;
			children = (
				1AE7A4182C90FD190032CCBC /* DateHelp.swift */,
			);
			path = Help;
			sourceTree = "<group>";
		};
		1AE7A41A2C90FD2C0032CCBC /* View */ = {
			isa = PBXGroup;
			children = (
				1AE7A41C2C90FD460032CCBC /* MainView */,
				1AE7A41B2C90FD3D0032CCBC /* ToDoModalView */,
			);
			path = View;
			sourceTree = "<group>";
		};
		1AE7A41B2C90FD3D0032CCBC /* ToDoModalView */ = {
			isa = PBXGroup;
			children = (
				1AE7A4212C90FD7D0032CCBC /* ContentView.swift */,
				1AE7A3F22C90FBE00032CCBC /* course_projectApp.swift */,
				1AE7A3F42C90FBE00032CCBC /* NewToDoItem.swift */,
				1AE7A4232C90FD890032CCBC /* ToDoItemView.swift */,
				1AE7A4252C90FD8F0032CCBC /* ListView.swift */,
				1AE7A4272C90FDA00032CCBC /* ListHeaderView.swift */,
			);
			path = ToDoModalView;
			sourceTree = "<group>";
		};
		1AE7A41C2C90FD460032CCBC /* MainView */ = {
			isa = PBXGroup;
			children = (
				1AE7A41D2C90FD6C0032CCBC /* MainListView.swift */,
				1AE7A41F2C90FD740032CCBC /* ToDoModalView.swift */,
			);
			path = MainView;
			sourceTree = "<group>";
		};
		1AE7A4292C90FDF00032CCBC /* ViewModel */ = {
			isa = PBXGroup;
			children = (
				1AE7A42A2C90FDFC0032CCBC /* ContentFilter.swift */,
				1AE7A42C2C90FE050032CCBC /* MainViewModel.swift */,
			);
			path = ViewModel;
			sourceTree = "<group>";
		};
/* End PBXGroup section */

/* Begin PBXNativeTarget section */
		1AE7A3EE2C90FBE00032CCBC /* course_project */ = {
			isa = PBXNativeTarget;
			buildConfigurationList = 1AE7A3FD2C90FBE20032CCBC /* Build configuration list for PBXNativeTarget "course_project" */;
			buildPhases = (
				1AE7A3EB2C90FBE00032CCBC /* Sources */,
				1AE7A3EC2C90FBE00032CCBC /* Frameworks */,
				1AE7A3ED2C90FBE00032CCBC /* Resources */,
			);
			buildRules = (
			);
			dependencies = (
			);
			name = course_project;
			productName = course_project;
			productReference = 1AE7A3EF2C90FBE00032CCBC /* course_project.app */;
			productType = "com.apple.product-type.application";
		};
/* End PBXNativeTarget section */

/* Begin PBXProject section */
		1AE7A3E72C90FBE00032CCBC /* Project object */ = {
			isa = PBXProject;
			attributes = {
				BuildIndependentTargetsInParallel = 1;
				LastSwiftUpdateCheck = 1540;
				LastUpgradeCheck = 1540;
				TargetAttributes = {
					1AE7A3EE2C90FBE00032CCBC = {
						CreatedOnToolsVersion = 15.4;
					};
				};
			};
			buildConfigurationList = 1AE7A3EA2C90FBE00032CCBC /* Build configuration list for PBXProject "course_project" */;
			compatibilityVersion = "Xcode 14.0";
			developmentRegion = en;
			hasScannedForEncodings = 0;
			knownRegions = (
				en,
				Base,
			);
			mainGroup = 1AE7A3E62C90FBE00032CCBC;
			productRefGroup = 1AE7A3F02C90FBE00032CCBC /* Products */;
			projectDirPath = "";
			projectRoot = "";
			targets = (
				1AE7A3EE2C90FBE00032CCBC /* course_project */,
			);
		};
/* End PBXProject section */

/* Begin PBXResourcesBuildPhase section */
		1AE7A3ED2C90FBE00032CCBC /* Resources */ = {
			isa = PBXResourcesBuildPhase;
			buildActionMask = 2147483647;
			files = (
				1AE7A3FA2C90FBE20032CCBC /* Preview Assets.xcassets in Resources */,
				1AE7A3F72C90FBE20032CCBC /* Assets.xcassets in Resources */,
			);
			runOnlyForDeploymentPostprocessing = 0;
		};
/* End PBXResourcesBuildPhase section */

/* Begin PBXSourcesBuildPhase section */
		1AE7A3EB2C90FBE00032CCBC /* Sources */ = {
			isa = PBXSourcesBuildPhase;
			buildActionMask = 2147483647;
			files = (
				1AE7A4102C90FCAE0032CCBC /* String + Ext.swift in Sources */,
				1AE7A41E2C90FD6C0032CCBC /* MainListView.swift in Sources */,
				1AE7A4062C90FC320032CCBC /* ToDoItem + CSV parsing.swift in Sources */,
				1AE7A4262C90FD8F0032CCBC /* ListView.swift in Sources */,
				1AE7A40E2C90FCA70032CCBC /* FileManager + Ext.swift in Sources */,
				1AE7A4202C90FD740032CCBC /* ToDoModalView.swift in Sources */,
				1AE7A4042C90FC230032CCBC /* ToDoItem+JSON parsing.swift in Sources */,
				1AE7A4192C90FD190032CCBC /* DateHelp.swift in Sources */,
				1AE7A3F52C90FBE00032CCBC /* NewToDoItem.swift in Sources */,
				1AE7A4142C90FCC20032CCBC /* Binding + Ext.swift in Sources */,
				1AE7A3F32C90FBE00032CCBC /* course_projectApp.swift in Sources */,
				1AE7A4282C90FDA00032CCBC /* ListHeaderView.swift in Sources */,
				1AE7A42B2C90FDFC0032CCBC /* ContentFilter.swift in Sources */,
				1AE7A40B2C90FC810032CCBC /* FileCache.swift in Sources */,
				1AE7A4222C90FD7D0032CCBC /* ContentView.swift in Sources */,
				1AE7A42D2C90FE050032CCBC /* MainViewModel.swift in Sources */,
				1AE7A4162C90FCF40032CCBC /* Resources.swift in Sources */,
				1AE7A4242C90FD890032CCBC /* ToDoItemView.swift in Sources */,
				1AE7A4122C90FCB90032CCBC /* Date + Ext.swift in Sources */,
				1AE7A4022C90FC130032CCBC /* ToDoItem.swift in Sources */,
			);
			runOnlyForDeploymentPostprocessing = 0;
		};
/* End PBXSourcesBuildPhase section */

/* Begin XCBuildConfiguration section */
		1AE7A3FB2C90FBE20032CCBC /* Debug */ = {
			isa = XCBuildConfiguration;
			buildSettings = {
				ALWAYS_SEARCH_USER_PATHS = NO;
				ASSETCATALOG_COMPILER_GENERATE_SWIFT_ASSET_SYMBOL_EXTENSIONS = YES;
				CLANG_ANALYZER_NONNULL = YES;
				CLANG_ANALYZER_NUMBER_OBJECT_CONVERSION = YES_AGGRESSIVE;
				CLANG_CXX_LANGUAGE_STANDARD = "gnu++20";
				CLANG_ENABLE_MODULES = YES;
				CLANG_ENABLE_OBJC_ARC = YES;
				CLANG_ENABLE_OBJC_WEAK = YES;
				CLANG_WARN_BLOCK_CAPTURE_AUTORELEASING = YES;
				CLANG_WARN_BOOL_CONVERSION = YES;
				CLANG_WARN_COMMA = YES;
				CLANG_WARN_CONSTANT_CONVERSION = YES;
				CLANG_WARN_DEPRECATED_OBJC_IMPLEMENTATIONS = YES;
				CLANG_WARN_DIRECT_OBJC_ISA_USAGE = YES_ERROR;
				CLANG_WARN_DOCUMENTATION_COMMENTS = YES;
				CLANG_WARN_EMPTY_BODY = YES;
				CLANG_WARN_ENUM_CONVERSION = YES;
				CLANG_WARN_INFINITE_RECURSION = YES;
				CLANG_WARN_INT_CONVERSION = YES;
				CLANG_WARN_NON_LITERAL_NULL_CONVERSION = YES;
				CLANG_WARN_OBJC_IMPLICIT_RETAIN_SELF = YES;
				CLANG_WARN_OBJC_LITERAL_CONVERSION = YES;
				CLANG_WARN_OBJC_ROOT_CLASS = YES_ERROR;
				CLANG_WARN_QUOTED_INCLUDE_IN_FRAMEWORK_HEADER = YES;
				CLANG_WARN_RANGE_LOOP_ANALYSIS = YES;
				CLANG_WARN_STRICT_PROTOTYPES = YES;
				CLANG_WARN_SUSPICIOUS_MOVE = YES;
				CLANG_WARN_UNGUARDED_AVAILABILITY = YES_AGGRESSIVE;
				CLANG_WARN_UNREACHABLE_CODE = YES;
				CLANG_WARN__DUPLICATE_METHOD_MATCH = YES;
				COPY_PHASE_STRIP = NO;
				DEBUG_INFORMATION_FORMAT = dwarf;
				ENABLE_STRICT_OBJC_MSGSEND = YES;
				ENABLE_TESTABILITY = YES;
				ENABLE_USER_SCRIPT_SANDBOXING = YES;
				GCC_C_LANGUAGE_STANDARD = gnu17;
				GCC_DYNAMIC_NO_PIC = NO;
				GCC_NO_COMMON_BLOCKS = YES;
				GCC_OPTIMIZATION_LEVEL = 0;
				GCC_PREPROCESSOR_DEFINITIONS = (
					"DEBUG=1",
					"$(inherited)",
				);
				GCC_WARN_64_TO_32_BIT_CONVERSION = YES;
				GCC_WARN_ABOUT_RETURN_TYPE = YES_ERROR;
				GCC_WARN_UNDECLARED_SELECTOR = YES;
				GCC_WARN_UNINITIALIZED_AUTOS = YES_AGGRESSIVE;
				GCC_WARN_UNUSED_FUNCTION = YES;
				GCC_WARN_UNUSED_VARIABLE = YES;
				IPHONEOS_DEPLOYMENT_TARGET = 17.5;
				LOCALIZATION_PREFERS_STRING_CATALOGS = YES;
				MTL_ENABLE_DEBUG_INFO = INCLUDE_SOURCE;
				MTL_FAST_MATH = YES;
				ONLY_ACTIVE_ARCH = YES;
				SDKROOT = iphoneos;
				SWIFT_ACTIVE_COMPILATION_CONDITIONS = "DEBUG $(inherited)";
				SWIFT_OPTIMIZATION_LEVEL = "-Onone";
			};
			name = Debug;
		};
		1AE7A3FC2C90FBE20032CCBC /* Release */ = {
			isa = XCBuildConfiguration;
			buildSettings = {
				ALWAYS_SEARCH_USER_PATHS = NO;
				ASSETCATALOG_COMPILER_GENERATE_SWIFT_ASSET_SYMBOL_EXTENSIONS = YES;
				CLANG_ANALYZER_NONNULL = YES;
				CLANG_ANALYZER_NUMBER_OBJECT_CONVERSION = YES_AGGRESSIVE;
				CLANG_CXX_LANGUAGE_STANDARD = "gnu++20";
				CLANG_ENABLE_MODULES = YES;
				CLANG_ENABLE_OBJC_ARC = YES;
				CLANG_ENABLE_OBJC_WEAK = YES;
				CLANG_WARN_BLOCK_CAPTURE_AUTORELEASING = YES;
				CLANG_WARN_BOOL_CONVERSION = YES;
				CLANG_WARN_COMMA = YES;
				CLANG_WARN_CONSTANT_CONVERSION = YES;
				CLANG_WARN_DEPRECATED_OBJC_IMPLEMENTATIONS = YES;
				CLANG_WARN_DIRECT_OBJC_ISA_USAGE = YES_ERROR;
				CLANG_WARN_DOCUMENTATION_COMMENTS = YES;
				CLANG_WARN_EMPTY_BODY = YES;
				CLANG_WARN_ENUM_CONVERSION = YES;
				CLANG_WARN_INFINITE_RECURSION = YES;
				CLANG_WARN_INT_CONVERSION = YES;
				CLANG_WARN_NON_LITERAL_NULL_CONVERSION = YES;
				CLANG_WARN_OBJC_IMPLICIT_RETAIN_SELF = YES;
				CLANG_WARN_OBJC_LITERAL_CONVERSION = YES;
				CLANG_WARN_OBJC_ROOT_CLASS = YES_ERROR;
				CLANG_WARN_QUOTED_INCLUDE_IN_FRAMEWORK_HEADER = YES;
				CLANG_WARN_RANGE_LOOP_ANALYSIS = YES;
				CLANG_WARN_STRICT_PROTOTYPES = YES;
				CLANG_WARN_SUSPICIOUS_MOVE = YES;
				CLANG_WARN_UNGUARDED_AVAILABILITY = YES_AGGRESSIVE;
				CLANG_WARN_UNREACHABLE_CODE = YES;
				CLANG_WARN__DUPLICATE_METHOD_MATCH = YES;
				COPY_PHASE_STRIP = NO;
				DEBUG_INFORMATION_FORMAT = "dwarf-with-dsym";
				ENABLE_NS_ASSERTIONS = NO;
				ENABLE_STRICT_OBJC_MSGSEND = YES;
				ENABLE_USER_SCRIPT_SANDBOXING = YES;
				GCC_C_LANGUAGE_STANDARD = gnu17;
				GCC_NO_COMMON_BLOCKS = YES;
				GCC_WARN_64_TO_32_BIT_CONVERSION = YES;
				GCC_WARN_ABOUT_RETURN_TYPE = YES_ERROR;
				GCC_WARN_UNDECLARED_SELECTOR = YES;
				GCC_WARN_UNINITIALIZED_AUTOS = YES_AGGRESSIVE;
				GCC_WARN_UNUSED_FUNCTION = YES;
				GCC_WARN_UNUSED_VARIABLE = YES;
				IPHONEOS_DEPLOYMENT_TARGET = 17.5;
				LOCALIZATION_PREFERS_STRING_CATALOGS = YES;
				MTL_ENABLE_DEBUG_INFO = NO;
				MTL_FAST_MATH = YES;
				SDKROOT = iphoneos;
				SWIFT_COMPILATION_MODE = wholemodule;
				VALIDATE_PRODUCT = YES;
			};
			name = Release;
		};
		1AE7A3FE2C90FBE20032CCBC /* Debug */ = {
			isa = XCBuildConfiguration;
			buildSettings = {
				ASSETCATALOG_COMPILER_APPICON_NAME = AppIcon;
				ASSETCATALOG_COMPILER_GLOBAL_ACCENT_COLOR_NAME = AccentColor;
				CODE_SIGN_STYLE = Automatic;
				CURRENT_PROJECT_VERSION = 1;
				DEVELOPMENT_ASSET_PATHS = "\"course_project/Preview Content\"";
				ENABLE_PREVIEWS = YES;
				GENERATE_INFOPLIST_FILE = YES;
				INFOPLIST_KEY_UIApplicationSceneManifest_Generation = YES;
				INFOPLIST_KEY_UIApplicationSupportsIndirectInputEvents = YES;
				INFOPLIST_KEY_UILaunchScreen_Generation = YES;
				INFOPLIST_KEY_UISupportedInterfaceOrientations_iPad = "UIInterfaceOrientationPortrait UIInterfaceOrientationPortraitUpsideDown UIInterfaceOrientationLandscapeLeft UIInterfaceOrientationLandscapeRight";
				INFOPLIST_KEY_UISupportedInterfaceOrientations_iPhone = "UIInterfaceOrientationPortrait UIInterfaceOrientationLandscapeLeft UIInterfaceOrientationLandscapeRight";
				LD_RUNPATH_SEARCH_PATHS = (
					"$(inherited)",
					"@executable_path/Frameworks",
				);
				MARKETING_VERSION = 1.0;
				PRODUCT_BUNDLE_IDENTIFIER = "com.Aleks.course-project";
				PRODUCT_NAME = "$(TARGET_NAME)";
				SWIFT_EMIT_LOC_STRINGS = YES;
				SWIFT_VERSION = 5.0;
				TARGETED_DEVICE_FAMILY = "1,2";
			};
			name = Debug;
		};
		1AE7A3FF2C90FBE20032CCBC /* Release */ = {
			isa = XCBuildConfiguration;
			buildSettings = {
				ASSETCATALOG_COMPILER_APPICON_NAME = AppIcon;
				ASSETCATALOG_COMPILER_GLOBAL_ACCENT_COLOR_NAME = AccentColor;
				CODE_SIGN_STYLE = Automatic;
				CURRENT_PROJECT_VERSION = 1;
				DEVELOPMENT_ASSET_PATHS = "\"course_project/Preview Content\"";
				ENABLE_PREVIEWS = YES;
				GENERATE_INFOPLIST_FILE = YES;
				INFOPLIST_KEY_UIApplicationSceneManifest_Generation = YES;
				INFOPLIST_KEY_UIApplicationSupportsIndirectInputEvents = YES;
				INFOPLIST_KEY_UILaunchScreen_Generation = YES;
				INFOPLIST_KEY_UISupportedInterfaceOrientations_iPad = "UIInterfaceOrientationPortrait UIInterfaceOrientationPortraitUpsideDown UIInterfaceOrientationLandscapeLeft UIInterfaceOrientationLandscapeRight";
				INFOPLIST_KEY_UISupportedInterfaceOrientations_iPhone = "UIInterfaceOrientationPortrait UIInterfaceOrientationLandscapeLeft UIInterfaceOrientationLandscapeRight";
				LD_RUNPATH_SEARCH_PATHS = (
					"$(inherited)",
					"@executable_path/Frameworks",
				);
				MARKETING_VERSION = 1.0;
				PRODUCT_BUNDLE_IDENTIFIER = "com.Aleks.course-project";
				PRODUCT_NAME = "$(TARGET_NAME)";
				SWIFT_EMIT_LOC_STRINGS = YES;
				SWIFT_VERSION = 5.0;
				TARGETED_DEVICE_FAMILY = "1,2";
			};
			name = Release;
		};
/* End XCBuildConfiguration section */

/* Begin XCConfigurationList section */
		1AE7A3EA2C90FBE00032CCBC /* Build configuration list for PBXProject "course_project" */ = {
			isa = XCConfigurationList;
			buildConfigurations = (
				1AE7A3FB2C90FBE20032CCBC /* Debug */,
				1AE7A3FC2C90FBE20032CCBC /* Release */,
			);
			defaultConfigurationIsVisible = 0;
			defaultConfigurationName = Release;
		};
		1AE7A3FD2C90FBE20032CCBC /* Build configuration list for PBXNativeTarget "course_project" */ = {
			isa = XCConfigurationList;
			buildConfigurations = (
				1AE7A3FE2C90FBE20032CCBC /* Debug */,
				1AE7A3FF2C90FBE20032CCBC /* Release */,
			);
			defaultConfigurationIsVisible = 0;
			defaultConfigurationName = Release;
		};
/* End XCConfigurationList section */
	};
	rootObject = 1AE7A3E72C90FBE00032CCBC /* Project object */;
}
